
Microsoft Visual Studio Solution File, Format Version 12.00
# Visual Studio Version 17
VisualStudioVersion = 17.12.35527.113
MinimumVisualStudioVersion = 10.0.40219.1
Project("{FAE04EC0-301F-11D3-BF4B-00C04F79EFBC}") = "ImageEventApi", "..\ImageEventApi\ImageEventApi.csproj", "{ED871582-814E-4C45-87B4-3559A64A4405}"
EndProject
Project("{FAE04EC0-301F-11D3-BF4B-00C04F79EFBC}") = "ImageEventApi.Tests", "..\ImageEventApi.Tests\ImageEventApi.Tests.csproj", "{C09EDB3D-D42B-4852-9730-63182FB99EC3}"
EndProject
Global
	GlobalSection(SolutionConfigurationPlatforms) = preSolution
		Debug|Any CPU = Debug|Any CPU
		Release|Any CPU = Release|Any CPU
	EndGlobalSection
	GlobalSection(ProjectConfigurationPlatforms) = postSolution
		{ED871582-814E-4C45-87B4-3559A64A4405}.Debug|Any CPU.ActiveCfg = Debug|Any CPU
		{ED871582-814E-4C45-87B4-3559A64A4405}.Debug|Any CPU.Build.0 = Debug|Any CPU
		{ED871582-814E-4C45-87B4-3559A64A4405}.Release|Any CPU.ActiveCfg = Release|Any CPU
		{ED871582-814E-4C45-87B4-3559A64A4405}.Release|Any CPU.Build.0 = Release|Any CPU
		{C09EDB3D-D42B-4852-9730-63182FB99EC3}.Debug|Any CPU.ActiveCfg = Debug|Any CPU
		{C09EDB3D-D42B-4852-9730-63182FB99EC3}.Debug|Any CPU.Build.0 = Debug|Any CPU
		{C09EDB3D-D42B-4852-9730-63182FB99EC3}.Release|Any CPU.ActiveCfg = Release|Any CPU
		{C09EDB3D-D42B-4852-9730-63182FB99EC3}.Release|Any CPU.Build.0 = Release|Any CPU
	EndGlobalSection
	GlobalSection(SolutionProperties) = preSolution
		HideSolutionNode = FALSE
	EndGlobalSection
EndGlobal
